// !$*UTF8*$!
{
	archiveVersion = 1;
	classes = {
	};
	objectVersion = 55;
	objects = {

/* Begin PBXBuildFile section */
		2EC873EB8F07E3A221AEF73B /* Pods_GithubUsers_GithubUsersUITests.framework in Frameworks */ = {isa = PBXBuildFile; fileRef = AD34D6BA794CE500BC25B23C /* Pods_GithubUsers_GithubUsersUITests.framework */; };
		4C4CD1C52534BC3A3FF5525D /* Pods_GithubUsers.framework in Frameworks */ = {isa = PBXBuildFile; fileRef = 94AF49416C19EB148118C6B2 /* Pods_GithubUsers.framework */; };
		6518C8B528D6E917004898C1 /* FavoriteUser+CoreDataProperties.swift in Sources */ = {isa = PBXBuildFile; fileRef = 6518C8B328D6E917004898C1 /* FavoriteUser+CoreDataProperties.swift */; };
		6518C8B628D6E917004898C1 /* FavoriteUser+CoreDataClass.swift in Sources */ = {isa = PBXBuildFile; fileRef = 6518C8B428D6E917004898C1 /* FavoriteUser+CoreDataClass.swift */; };
		6518C8B828D6F155004898C1 /* SearchUserRequest.swift in Sources */ = {isa = PBXBuildFile; fileRef = 6518C8B728D6F155004898C1 /* SearchUserRequest.swift */; };
		6522423528D61D2A002EB330 /* EmptyStateViewCell.swift in Sources */ = {isa = PBXBuildFile; fileRef = 6522423328D61D2A002EB330 /* EmptyStateViewCell.swift */; };
		6522423628D61D2A002EB330 /* EmptyStateViewCell.xib in Resources */ = {isa = PBXBuildFile; fileRef = 6522423428D61D2A002EB330 /* EmptyStateViewCell.xib */; };
		6522423928D61F46002EB330 /* UITableView+Extension.swift in Sources */ = {isa = PBXBuildFile; fileRef = 6522423828D61F46002EB330 /* UITableView+Extension.swift */; };
		6522423C28D6214E002EB330 /* EmptyView.swift in Sources */ = {isa = PBXBuildFile; fileRef = 6522423A28D6214E002EB330 /* EmptyView.swift */; };
		6522423D28D6214E002EB330 /* EmptyView.xib in Resources */ = {isa = PBXBuildFile; fileRef = 6522423B28D6214E002EB330 /* EmptyView.xib */; };
		6522423F28D62225002EB330 /* UIView+Extension.swift in Sources */ = {isa = PBXBuildFile; fileRef = 6522423E28D62225002EB330 /* UIView+Extension.swift */; };
		6522424128D62273002EB330 /* EmptyResultView.swift in Sources */ = {isa = PBXBuildFile; fileRef = 6522424028D62273002EB330 /* EmptyResultView.swift */; };
		6522424428D62EF9002EB330 /* Resolver.swift in Sources */ = {isa = PBXBuildFile; fileRef = 6522424328D62EF9002EB330 /* Resolver.swift */; };
		6522424628D62F1A002EB330 /* ServiceBase.swift in Sources */ = {isa = PBXBuildFile; fileRef = 6522424528D62F1A002EB330 /* ServiceBase.swift */; };
		65803B1028D6CFD900817C10 /* Router.swift in Sources */ = {isa = PBXBuildFile; fileRef = 65803B0F28D6CFD900817C10 /* Router.swift */; };
		65803B1228D6CFFF00817C10 /* Module.swift in Sources */ = {isa = PBXBuildFile; fileRef = 65803B1128D6CFFF00817C10 /* Module.swift */; };
		658AF2A028D4B8BF00C78D42 /* AppDelegate.swift in Sources */ = {isa = PBXBuildFile; fileRef = 658AF29F28D4B8BF00C78D42 /* AppDelegate.swift */; };
		658AF2A228D4B8BF00C78D42 /* SceneDelegate.swift in Sources */ = {isa = PBXBuildFile; fileRef = 658AF2A128D4B8BF00C78D42 /* SceneDelegate.swift */; };
		658AF2AA28D4B8BF00C78D42 /* GithubUsers.xcdatamodeld in Sources */ = {isa = PBXBuildFile; fileRef = 658AF2A828D4B8BF00C78D42 /* GithubUsers.xcdatamodeld */; };
		658AF2AC28D4B8C100C78D42 /* Assets.xcassets in Resources */ = {isa = PBXBuildFile; fileRef = 658AF2AB28D4B8C100C78D42 /* Assets.xcassets */; };
		658AF2AF28D4B8C100C78D42 /* LaunchScreen.storyboard in Resources */ = {isa = PBXBuildFile; fileRef = 658AF2AD28D4B8C100C78D42 /* LaunchScreen.storyboard */; };
		658AF2BA28D4B8C100C78D42 /* GithubUsersTests.swift in Sources */ = {isa = PBXBuildFile; fileRef = 658AF2B928D4B8C100C78D42 /* GithubUsersTests.swift */; };
		658AF2C428D4B8C100C78D42 /* GithubUsersUITests.swift in Sources */ = {isa = PBXBuildFile; fileRef = 658AF2C328D4B8C100C78D42 /* GithubUsersUITests.swift */; };
		658AF2C628D4B8C100C78D42 /* GithubUsersUITestsLaunchTests.swift in Sources */ = {isa = PBXBuildFile; fileRef = 658AF2C528D4B8C100C78D42 /* GithubUsersUITestsLaunchTests.swift */; };
		658AF2D428D4BC5300C78D42 /* TabBarViewController.swift in Sources */ = {isa = PBXBuildFile; fileRef = 658AF2D328D4BC5300C78D42 /* TabBarViewController.swift */; };
		658AF2D928D4BCC700C78D42 /* SearchVC.swift in Sources */ = {isa = PBXBuildFile; fileRef = 658AF2D728D4BCC700C78D42 /* SearchVC.swift */; };
		658AF2DA28D4BCC700C78D42 /* SearchVC.xib in Resources */ = {isa = PBXBuildFile; fileRef = 658AF2D828D4BCC700C78D42 /* SearchVC.xib */; };
		658AF2E828D4C97600C78D42 /* SearchContract.swift in Sources */ = {isa = PBXBuildFile; fileRef = 658AF2E428D4C97600C78D42 /* SearchContract.swift */; };
		658AF2E928D4C97600C78D42 /* SearchPresenter.swift in Sources */ = {isa = PBXBuildFile; fileRef = 658AF2E528D4C97600C78D42 /* SearchPresenter.swift */; };
		658AF2EA28D4C97600C78D42 /* SearchInteractor.swift in Sources */ = {isa = PBXBuildFile; fileRef = 658AF2E628D4C97600C78D42 /* SearchInteractor.swift */; };
		658AF2EB28D4C97600C78D42 /* SearchWireframe.swift in Sources */ = {isa = PBXBuildFile; fileRef = 658AF2E728D4C97600C78D42 /* SearchWireframe.swift */; };
		658AF2EF28D4CDD000C78D42 /* BaseContract.swift in Sources */ = {isa = PBXBuildFile; fileRef = 658AF2EE28D4CDD000C78D42 /* BaseContract.swift */; };
		658AF2F628D4CE5F00C78D42 /* FavoritesVC.swift in Sources */ = {isa = PBXBuildFile; fileRef = 658AF2F428D4CE5F00C78D42 /* FavoritesVC.swift */; };
		658AF2F728D4CE5F00C78D42 /* FavoritesVC.xib in Resources */ = {isa = PBXBuildFile; fileRef = 658AF2F528D4CE5F00C78D42 /* FavoritesVC.xib */; };
		658AF2FA28D4D4F800C78D42 /* GitUserModel.swift in Sources */ = {isa = PBXBuildFile; fileRef = 658AF2F928D4D4F800C78D42 /* GitUserModel.swift */; };
		658AF2FC28D4D55000C78D42 /* UserModel.swift in Sources */ = {isa = PBXBuildFile; fileRef = 658AF2FB28D4D55000C78D42 /* UserModel.swift */; };
		658AF2FE28D4D73500C78D42 /* RestApiServices.swift in Sources */ = {isa = PBXBuildFile; fileRef = 658AF2FD28D4D73500C78D42 /* RestApiServices.swift */; };
		658AF30028D4DDD300C78D42 /* GithubErrorModel.swift in Sources */ = {isa = PBXBuildFile; fileRef = 658AF2FF28D4DDD300C78D42 /* GithubErrorModel.swift */; };
		658AF30228D4DECE00C78D42 /* Constants.swift in Sources */ = {isa = PBXBuildFile; fileRef = 658AF30128D4DECE00C78D42 /* Constants.swift */; };
		658AF30628D4E26100C78D42 /* UserTableViewCell.swift in Sources */ = {isa = PBXBuildFile; fileRef = 658AF30428D4E26100C78D42 /* UserTableViewCell.swift */; };
		658AF30728D4E26100C78D42 /* UserTableViewCell.xib in Resources */ = {isa = PBXBuildFile; fileRef = 658AF30528D4E26100C78D42 /* UserTableViewCell.xib */; };
		658AF30928D4E65800C78D42 /* AppImage.swift in Sources */ = {isa = PBXBuildFile; fileRef = 658AF30828D4E65800C78D42 /* AppImage.swift */; };
		B355E5EC15AEC5DC1B396C43 /* Pods_GithubUsersTests.framework in Frameworks */ = {isa = PBXBuildFile; fileRef = 9ECBDC509549723BA6CF6495 /* Pods_GithubUsersTests.framework */; };
/* End PBXBuildFile section */

/* Begin PBXContainerItemProxy section */
		658AF2B628D4B8C100C78D42 /* PBXContainerItemProxy */ = {
			isa = PBXContainerItemProxy;
			containerPortal = 658AF29428D4B8BF00C78D42 /* Project object */;
			proxyType = 1;
			remoteGlobalIDString = 658AF29B28D4B8BF00C78D42;
			remoteInfo = GithubUsers;
		};
		658AF2C028D4B8C100C78D42 /* PBXContainerItemProxy */ = {
			isa = PBXContainerItemProxy;
			containerPortal = 658AF29428D4B8BF00C78D42 /* Project object */;
			proxyType = 1;
			remoteGlobalIDString = 658AF29B28D4B8BF00C78D42;
			remoteInfo = GithubUsers;
		};
/* End PBXContainerItemProxy section */

/* Begin PBXFileReference section */
		0F45CB22E374EC2098F18BCA /* Pods-GithubUsersTests.debug.xcconfig */ = {isa = PBXFileReference; includeInIndex = 1; lastKnownFileType = text.xcconfig; name = "Pods-GithubUsersTests.debug.xcconfig"; path = "Target Support Files/Pods-GithubUsersTests/Pods-GithubUsersTests.debug.xcconfig"; sourceTree = "<group>"; };
		4A990804EC50783CF86B6580 /* Pods-GithubUsersTests.release.xcconfig */ = {isa = PBXFileReference; includeInIndex = 1; lastKnownFileType = text.xcconfig; name = "Pods-GithubUsersTests.release.xcconfig"; path = "Target Support Files/Pods-GithubUsersTests/Pods-GithubUsersTests.release.xcconfig"; sourceTree = "<group>"; };
		6518C8B328D6E917004898C1 /* FavoriteUser+CoreDataProperties.swift */ = {isa = PBXFileReference; lastKnownFileType = sourcecode.swift; name = "FavoriteUser+CoreDataProperties.swift"; path = "/Users/anangnugraha/Developer/Xcode/iOS/Personal Projects/GithubUsers/GithubUsers/FavoriteUser+CoreDataProperties.swift"; sourceTree = "<absolute>"; };
		6518C8B428D6E917004898C1 /* FavoriteUser+CoreDataClass.swift */ = {isa = PBXFileReference; lastKnownFileType = sourcecode.swift; name = "FavoriteUser+CoreDataClass.swift"; path = "/Users/anangnugraha/Developer/Xcode/iOS/Personal Projects/GithubUsers/GithubUsers/FavoriteUser+CoreDataClass.swift"; sourceTree = "<absolute>"; };
		6518C8B728D6F155004898C1 /* SearchUserRequest.swift */ = {isa = PBXFileReference; lastKnownFileType = sourcecode.swift; path = SearchUserRequest.swift; sourceTree = "<group>"; };
		6522423328D61D2A002EB330 /* EmptyStateViewCell.swift */ = {isa = PBXFileReference; lastKnownFileType = sourcecode.swift; path = EmptyStateViewCell.swift; sourceTree = "<group>"; };
		6522423428D61D2A002EB330 /* EmptyStateViewCell.xib */ = {isa = PBXFileReference; lastKnownFileType = file.xib; path = EmptyStateViewCell.xib; sourceTree = "<group>"; };
		6522423828D61F46002EB330 /* UITableView+Extension.swift */ = {isa = PBXFileReference; lastKnownFileType = sourcecode.swift; path = "UITableView+Extension.swift"; sourceTree = "<group>"; };
		6522423A28D6214E002EB330 /* EmptyView.swift */ = {isa = PBXFileReference; fileEncoding = 4; lastKnownFileType = sourcecode.swift; path = EmptyView.swift; sourceTree = "<group>"; };
		6522423B28D6214E002EB330 /* EmptyView.xib */ = {isa = PBXFileReference; fileEncoding = 4; lastKnownFileType = file.xib; path = EmptyView.xib; sourceTree = "<group>"; };
		6522423E28D62225002EB330 /* UIView+Extension.swift */ = {isa = PBXFileReference; lastKnownFileType = sourcecode.swift; path = "UIView+Extension.swift"; sourceTree = "<group>"; };
		6522424028D62273002EB330 /* EmptyResultView.swift */ = {isa = PBXFileReference; lastKnownFileType = sourcecode.swift; path = EmptyResultView.swift; sourceTree = "<group>"; };
		6522424328D62EF9002EB330 /* Resolver.swift */ = {isa = PBXFileReference; lastKnownFileType = sourcecode.swift; path = Resolver.swift; sourceTree = "<group>"; };
		6522424528D62F1A002EB330 /* ServiceBase.swift */ = {isa = PBXFileReference; lastKnownFileType = sourcecode.swift; path = ServiceBase.swift; sourceTree = "<group>"; };
		65803B0F28D6CFD900817C10 /* Router.swift */ = {isa = PBXFileReference; lastKnownFileType = sourcecode.swift; path = Router.swift; sourceTree = "<group>"; };
		65803B1128D6CFFF00817C10 /* Module.swift */ = {isa = PBXFileReference; lastKnownFileType = sourcecode.swift; path = Module.swift; sourceTree = "<group>"; };
		658AF29C28D4B8BF00C78D42 /* GithubUsers.app */ = {isa = PBXFileReference; explicitFileType = wrapper.application; includeInIndex = 0; path = GithubUsers.app; sourceTree = BUILT_PRODUCTS_DIR; };
		658AF29F28D4B8BF00C78D42 /* AppDelegate.swift */ = {isa = PBXFileReference; lastKnownFileType = sourcecode.swift; path = AppDelegate.swift; sourceTree = "<group>"; };
		658AF2A128D4B8BF00C78D42 /* SceneDelegate.swift */ = {isa = PBXFileReference; lastKnownFileType = sourcecode.swift; path = SceneDelegate.swift; sourceTree = "<group>"; };
		658AF2A928D4B8BF00C78D42 /* GithubUsers.xcdatamodel */ = {isa = PBXFileReference; lastKnownFileType = wrapper.xcdatamodel; path = GithubUsers.xcdatamodel; sourceTree = "<group>"; };
		658AF2AB28D4B8C100C78D42 /* Assets.xcassets */ = {isa = PBXFileReference; lastKnownFileType = folder.assetcatalog; path = Assets.xcassets; sourceTree = "<group>"; };
		658AF2AE28D4B8C100C78D42 /* Base */ = {isa = PBXFileReference; lastKnownFileType = file.storyboard; name = Base; path = Base.lproj/LaunchScreen.storyboard; sourceTree = "<group>"; };
		658AF2B028D4B8C100C78D42 /* Info.plist */ = {isa = PBXFileReference; lastKnownFileType = text.plist.xml; path = Info.plist; sourceTree = "<group>"; };
		658AF2B528D4B8C100C78D42 /* GithubUsersTests.xctest */ = {isa = PBXFileReference; explicitFileType = wrapper.cfbundle; includeInIndex = 0; path = GithubUsersTests.xctest; sourceTree = BUILT_PRODUCTS_DIR; };
		658AF2B928D4B8C100C78D42 /* GithubUsersTests.swift */ = {isa = PBXFileReference; lastKnownFileType = sourcecode.swift; path = GithubUsersTests.swift; sourceTree = "<group>"; };
		658AF2BF28D4B8C100C78D42 /* GithubUsersUITests.xctest */ = {isa = PBXFileReference; explicitFileType = wrapper.cfbundle; includeInIndex = 0; path = GithubUsersUITests.xctest; sourceTree = BUILT_PRODUCTS_DIR; };
		658AF2C328D4B8C100C78D42 /* GithubUsersUITests.swift */ = {isa = PBXFileReference; lastKnownFileType = sourcecode.swift; path = GithubUsersUITests.swift; sourceTree = "<group>"; };
		658AF2C528D4B8C100C78D42 /* GithubUsersUITestsLaunchTests.swift */ = {isa = PBXFileReference; lastKnownFileType = sourcecode.swift; path = GithubUsersUITestsLaunchTests.swift; sourceTree = "<group>"; };
		658AF2D328D4BC5300C78D42 /* TabBarViewController.swift */ = {isa = PBXFileReference; lastKnownFileType = sourcecode.swift; path = TabBarViewController.swift; sourceTree = "<group>"; };
		658AF2D728D4BCC700C78D42 /* SearchVC.swift */ = {isa = PBXFileReference; lastKnownFileType = sourcecode.swift; path = SearchVC.swift; sourceTree = "<group>"; };
		658AF2D828D4BCC700C78D42 /* SearchVC.xib */ = {isa = PBXFileReference; lastKnownFileType = file.xib; path = SearchVC.xib; sourceTree = "<group>"; };
		658AF2E428D4C97600C78D42 /* SearchContract.swift */ = {isa = PBXFileReference; lastKnownFileType = sourcecode.swift; path = SearchContract.swift; sourceTree = "<group>"; };
		658AF2E528D4C97600C78D42 /* SearchPresenter.swift */ = {isa = PBXFileReference; lastKnownFileType = sourcecode.swift; path = SearchPresenter.swift; sourceTree = "<group>"; };
		658AF2E628D4C97600C78D42 /* SearchInteractor.swift */ = {isa = PBXFileReference; lastKnownFileType = sourcecode.swift; path = SearchInteractor.swift; sourceTree = "<group>"; };
		658AF2E728D4C97600C78D42 /* SearchWireframe.swift */ = {isa = PBXFileReference; lastKnownFileType = sourcecode.swift; path = SearchWireframe.swift; sourceTree = "<group>"; };
		658AF2EE28D4CDD000C78D42 /* BaseContract.swift */ = {isa = PBXFileReference; lastKnownFileType = sourcecode.swift; path = BaseContract.swift; sourceTree = "<group>"; };
		658AF2F428D4CE5F00C78D42 /* FavoritesVC.swift */ = {isa = PBXFileReference; lastKnownFileType = sourcecode.swift; path = FavoritesVC.swift; sourceTree = "<group>"; };
		658AF2F528D4CE5F00C78D42 /* FavoritesVC.xib */ = {isa = PBXFileReference; lastKnownFileType = file.xib; path = FavoritesVC.xib; sourceTree = "<group>"; };
		658AF2F928D4D4F800C78D42 /* GitUserModel.swift */ = {isa = PBXFileReference; lastKnownFileType = sourcecode.swift; path = GitUserModel.swift; sourceTree = "<group>"; };
		658AF2FB28D4D55000C78D42 /* UserModel.swift */ = {isa = PBXFileReference; lastKnownFileType = sourcecode.swift; path = UserModel.swift; sourceTree = "<group>"; };
		658AF2FD28D4D73500C78D42 /* RestApiServices.swift */ = {isa = PBXFileReference; lastKnownFileType = sourcecode.swift; path = RestApiServices.swift; sourceTree = "<group>"; };
		658AF2FF28D4DDD300C78D42 /* GithubErrorModel.swift */ = {isa = PBXFileReference; lastKnownFileType = sourcecode.swift; path = GithubErrorModel.swift; sourceTree = "<group>"; };
		658AF30128D4DECE00C78D42 /* Constants.swift */ = {isa = PBXFileReference; lastKnownFileType = sourcecode.swift; path = Constants.swift; sourceTree = "<group>"; };
		658AF30428D4E26100C78D42 /* UserTableViewCell.swift */ = {isa = PBXFileReference; lastKnownFileType = sourcecode.swift; path = UserTableViewCell.swift; sourceTree = "<group>"; };
		658AF30528D4E26100C78D42 /* UserTableViewCell.xib */ = {isa = PBXFileReference; lastKnownFileType = file.xib; path = UserTableViewCell.xib; sourceTree = "<group>"; };
		658AF30828D4E65800C78D42 /* AppImage.swift */ = {isa = PBXFileReference; lastKnownFileType = sourcecode.swift; path = AppImage.swift; sourceTree = "<group>"; };
		7E6397343B7747081CA06AC0 /* Pods-GithubUsers.release.xcconfig */ = {isa = PBXFileReference; includeInIndex = 1; lastKnownFileType = text.xcconfig; name = "Pods-GithubUsers.release.xcconfig"; path = "Target Support Files/Pods-GithubUsers/Pods-GithubUsers.release.xcconfig"; sourceTree = "<group>"; };
		893619375E015B0897796DA0 /* Pods-GithubUsers.debug.xcconfig */ = {isa = PBXFileReference; includeInIndex = 1; lastKnownFileType = text.xcconfig; name = "Pods-GithubUsers.debug.xcconfig"; path = "Target Support Files/Pods-GithubUsers/Pods-GithubUsers.debug.xcconfig"; sourceTree = "<group>"; };
		94AF49416C19EB148118C6B2 /* Pods_GithubUsers.framework */ = {isa = PBXFileReference; explicitFileType = wrapper.framework; includeInIndex = 0; path = Pods_GithubUsers.framework; sourceTree = BUILT_PRODUCTS_DIR; };
		9ECBDC509549723BA6CF6495 /* Pods_GithubUsersTests.framework */ = {isa = PBXFileReference; explicitFileType = wrapper.framework; includeInIndex = 0; path = Pods_GithubUsersTests.framework; sourceTree = BUILT_PRODUCTS_DIR; };
		AD34D6BA794CE500BC25B23C /* Pods_GithubUsers_GithubUsersUITests.framework */ = {isa = PBXFileReference; explicitFileType = wrapper.framework; includeInIndex = 0; path = Pods_GithubUsers_GithubUsersUITests.framework; sourceTree = BUILT_PRODUCTS_DIR; };
		CBA53501E49B4901625C53E1 /* Pods-GithubUsers-GithubUsersUITests.debug.xcconfig */ = {isa = PBXFileReference; includeInIndex = 1; lastKnownFileType = text.xcconfig; name = "Pods-GithubUsers-GithubUsersUITests.debug.xcconfig"; path = "Target Support Files/Pods-GithubUsers-GithubUsersUITests/Pods-GithubUsers-GithubUsersUITests.debug.xcconfig"; sourceTree = "<group>"; };
		D8E5F97A355BBBA9062A102B /* Pods-GithubUsers-GithubUsersUITests.release.xcconfig */ = {isa = PBXFileReference; includeInIndex = 1; lastKnownFileType = text.xcconfig; name = "Pods-GithubUsers-GithubUsersUITests.release.xcconfig"; path = "Target Support Files/Pods-GithubUsers-GithubUsersUITests/Pods-GithubUsers-GithubUsersUITests.release.xcconfig"; sourceTree = "<group>"; };
/* End PBXFileReference section */

/* Begin PBXFrameworksBuildPhase section */
		658AF29928D4B8BF00C78D42 /* Frameworks */ = {
			isa = PBXFrameworksBuildPhase;
			buildActionMask = 2147483647;
			files = (
				4C4CD1C52534BC3A3FF5525D /* Pods_GithubUsers.framework in Frameworks */,
			);
			runOnlyForDeploymentPostprocessing = 0;
		};
		658AF2B228D4B8C100C78D42 /* Frameworks */ = {
			isa = PBXFrameworksBuildPhase;
			buildActionMask = 2147483647;
			files = (
				B355E5EC15AEC5DC1B396C43 /* Pods_GithubUsersTests.framework in Frameworks */,
			);
			runOnlyForDeploymentPostprocessing = 0;
		};
		658AF2BC28D4B8C100C78D42 /* Frameworks */ = {
			isa = PBXFrameworksBuildPhase;
			buildActionMask = 2147483647;
			files = (
				2EC873EB8F07E3A221AEF73B /* Pods_GithubUsers_GithubUsersUITests.framework in Frameworks */,
			);
			runOnlyForDeploymentPostprocessing = 0;
		};
/* End PBXFrameworksBuildPhase section */

/* Begin PBXGroup section */
		0369658CB1B5C50D6C839BBE /* Pods */ = {
			isa = PBXGroup;
			children = (
				893619375E015B0897796DA0 /* Pods-GithubUsers.debug.xcconfig */,
				7E6397343B7747081CA06AC0 /* Pods-GithubUsers.release.xcconfig */,
				CBA53501E49B4901625C53E1 /* Pods-GithubUsers-GithubUsersUITests.debug.xcconfig */,
				D8E5F97A355BBBA9062A102B /* Pods-GithubUsers-GithubUsersUITests.release.xcconfig */,
				0F45CB22E374EC2098F18BCA /* Pods-GithubUsersTests.debug.xcconfig */,
				4A990804EC50783CF86B6580 /* Pods-GithubUsersTests.release.xcconfig */,
			);
			path = Pods;
			sourceTree = "<group>";
		};
		6518C8A628D6E897004898C1 /* Entity */ = {
			isa = PBXGroup;
			children = (
				6518C8B428D6E917004898C1 /* FavoriteUser+CoreDataClass.swift */,
				6518C8B328D6E917004898C1 /* FavoriteUser+CoreDataProperties.swift */,
			);
			path = Entity;
			sourceTree = "<group>";
		};
		6522423728D61F2C002EB330 /* Extensions */ = {
			isa = PBXGroup;
			children = (
				6522423828D61F46002EB330 /* UITableView+Extension.swift */,
				6522423E28D62225002EB330 /* UIView+Extension.swift */,
			);
			path = Extensions;
			sourceTree = "<group>";
		};
		6522424228D62ED7002EB330 /* Base */ = {
			isa = PBXGroup;
			children = (
				6522424328D62EF9002EB330 /* Resolver.swift */,
				6522424528D62F1A002EB330 /* ServiceBase.swift */,
				65803B0F28D6CFD900817C10 /* Router.swift */,
				65803B1128D6CFFF00817C10 /* Module.swift */,
			);
			path = Base;
			sourceTree = "<group>";
		};
		658AF29328D4B8BF00C78D42 = {
			isa = PBXGroup;
			children = (
				658AF29E28D4B8BF00C78D42 /* GithubUsers */,
				658AF2B828D4B8C100C78D42 /* GithubUsersTests */,
				658AF2C228D4B8C100C78D42 /* GithubUsersUITests */,
				658AF29D28D4B8BF00C78D42 /* Products */,
				0369658CB1B5C50D6C839BBE /* Pods */,
				C315A1D6F26E3C2A5C8885CA /* Frameworks */,
			);
			sourceTree = "<group>";
		};
		658AF29D28D4B8BF00C78D42 /* Products */ = {
			isa = PBXGroup;
			children = (
				658AF29C28D4B8BF00C78D42 /* GithubUsers.app */,
				658AF2B528D4B8C100C78D42 /* GithubUsersTests.xctest */,
				658AF2BF28D4B8C100C78D42 /* GithubUsersUITests.xctest */,
			);
			name = Products;
			sourceTree = "<group>";
		};
		658AF29E28D4B8BF00C78D42 /* GithubUsers */ = {
			isa = PBXGroup;
			children = (
				658AF2D528D4BC9200C78D42 /* Module */,
				658AF2D228D4BBD500C78D42 /* CustomViews */,
				658AF29F28D4B8BF00C78D42 /* AppDelegate.swift */,
				658AF2A128D4B8BF00C78D42 /* SceneDelegate.swift */,
				658AF2AB28D4B8C100C78D42 /* Assets.xcassets */,
				658AF2AD28D4B8C100C78D42 /* LaunchScreen.storyboard */,
				658AF2B028D4B8C100C78D42 /* Info.plist */,
				658AF2A828D4B8BF00C78D42 /* GithubUsers.xcdatamodeld */,
			);
			path = GithubUsers;
			sourceTree = "<group>";
		};
		658AF2B828D4B8C100C78D42 /* GithubUsersTests */ = {
			isa = PBXGroup;
			children = (
				658AF2B928D4B8C100C78D42 /* GithubUsersTests.swift */,
			);
			path = GithubUsersTests;
			sourceTree = "<group>";
		};
		658AF2C228D4B8C100C78D42 /* GithubUsersUITests */ = {
			isa = PBXGroup;
			children = (
				658AF2C328D4B8C100C78D42 /* GithubUsersUITests.swift */,
				658AF2C528D4B8C100C78D42 /* GithubUsersUITestsLaunchTests.swift */,
			);
			path = GithubUsersUITests;
			sourceTree = "<group>";
		};
		658AF2D228D4BBD500C78D42 /* CustomViews */ = {
			isa = PBXGroup;
			children = (
				6522423A28D6214E002EB330 /* EmptyView.swift */,
				6522423B28D6214E002EB330 /* EmptyView.xib */,
				658AF2D328D4BC5300C78D42 /* TabBarViewController.swift */,
				6522424028D62273002EB330 /* EmptyResultView.swift */,
			);
			path = CustomViews;
			sourceTree = "<group>";
		};
		658AF2D528D4BC9200C78D42 /* Module */ = {
			isa = PBXGroup;
			children = (
				658AF2ED28D4CDBE00C78D42 /* Class */,
				658AF2DB28D4BCDC00C78D42 /* Favorites */,
				658AF2D628D4BCB600C78D42 /* Search */,
			);
			path = Module;
			sourceTree = "<group>";
		};
		658AF2D628D4BCB600C78D42 /* Search */ = {
			isa = PBXGroup;
			children = (
				658AF2F828D4D4E700C78D42 /* Entity */,
				658AF2EC28D4C97B00C78D42 /* View */,
				658AF2E428D4C97600C78D42 /* SearchContract.swift */,
				658AF2E528D4C97600C78D42 /* SearchPresenter.swift */,
				658AF2E628D4C97600C78D42 /* SearchInteractor.swift */,
				658AF2E728D4C97600C78D42 /* SearchWireframe.swift */,
			);
			path = Search;
			sourceTree = "<group>";
		};
		658AF2DB28D4BCDC00C78D42 /* Favorites */ = {
			isa = PBXGroup;
			children = (
				6518C8A628D6E897004898C1 /* Entity */,
				658AF2F428D4CE5F00C78D42 /* FavoritesVC.swift */,
				658AF2F528D4CE5F00C78D42 /* FavoritesVC.xib */,
			);
			path = Favorites;
			sourceTree = "<group>";
		};
		658AF2EC28D4C97B00C78D42 /* View */ = {
			isa = PBXGroup;
			children = (
				658AF30328D4E23A00C78D42 /* Cell */,
				658AF2D728D4BCC700C78D42 /* SearchVC.swift */,
				658AF2D828D4BCC700C78D42 /* SearchVC.xib */,
			);
			path = View;
			sourceTree = "<group>";
		};
		658AF2ED28D4CDBE00C78D42 /* Class */ = {
			isa = PBXGroup;
			children = (
				6522424228D62ED7002EB330 /* Base */,
				6522423728D61F2C002EB330 /* Extensions */,
				658AF2EE28D4CDD000C78D42 /* BaseContract.swift */,
				658AF2FD28D4D73500C78D42 /* RestApiServices.swift */,
				658AF30128D4DECE00C78D42 /* Constants.swift */,
				658AF30828D4E65800C78D42 /* AppImage.swift */,
			);
			path = Class;
			sourceTree = "<group>";
		};
		658AF2F828D4D4E700C78D42 /* Entity */ = {
			isa = PBXGroup;
			children = (
				658AF2F928D4D4F800C78D42 /* GitUserModel.swift */,
				658AF2FB28D4D55000C78D42 /* UserModel.swift */,
				658AF2FF28D4DDD300C78D42 /* GithubErrorModel.swift */,
				6518C8B728D6F155004898C1 /* SearchUserRequest.swift */,
			);
			path = Entity;
			sourceTree = "<group>";
		};
		658AF30328D4E23A00C78D42 /* Cell */ = {
			isa = PBXGroup;
			children = (
				658AF30428D4E26100C78D42 /* UserTableViewCell.swift */,
				658AF30528D4E26100C78D42 /* UserTableViewCell.xib */,
				6522423328D61D2A002EB330 /* EmptyStateViewCell.swift */,
				6522423428D61D2A002EB330 /* EmptyStateViewCell.xib */,
			);
			path = Cell;
			sourceTree = "<group>";
		};
		C315A1D6F26E3C2A5C8885CA /* Frameworks */ = {
			isa = PBXGroup;
			children = (
				94AF49416C19EB148118C6B2 /* Pods_GithubUsers.framework */,
				AD34D6BA794CE500BC25B23C /* Pods_GithubUsers_GithubUsersUITests.framework */,
				9ECBDC509549723BA6CF6495 /* Pods_GithubUsersTests.framework */,
			);
			name = Frameworks;
			sourceTree = "<group>";
		};
/* End PBXGroup section */

/* Begin PBXNativeTarget section */
		658AF29B28D4B8BF00C78D42 /* GithubUsers */ = {
			isa = PBXNativeTarget;
			buildConfigurationList = 658AF2C928D4B8C100C78D42 /* Build configuration list for PBXNativeTarget "GithubUsers" */;
			buildPhases = (
				DB2888CED3E4F31E62B19B4B /* [CP] Check Pods Manifest.lock */,
				658AF29828D4B8BF00C78D42 /* Sources */,
				658AF29928D4B8BF00C78D42 /* Frameworks */,
				658AF29A28D4B8BF00C78D42 /* Resources */,
				B25C8978A0D2C8FEC29D7193 /* [CP] Embed Pods Frameworks */,
			);
			buildRules = (
			);
			dependencies = (
			);
			name = GithubUsers;
			productName = GithubUsers;
			productReference = 658AF29C28D4B8BF00C78D42 /* GithubUsers.app */;
			productType = "com.apple.product-type.application";
		};
		658AF2B428D4B8C100C78D42 /* GithubUsersTests */ = {
			isa = PBXNativeTarget;
			buildConfigurationList = 658AF2CC28D4B8C100C78D42 /* Build configuration list for PBXNativeTarget "GithubUsersTests" */;
			buildPhases = (
				D9B3691B010D2D9F85F8E458 /* [CP] Check Pods Manifest.lock */,
				658AF2B128D4B8C100C78D42 /* Sources */,
				658AF2B228D4B8C100C78D42 /* Frameworks */,
				658AF2B328D4B8C100C78D42 /* Resources */,
			);
			buildRules = (
			);
			dependencies = (
				658AF2B728D4B8C100C78D42 /* PBXTargetDependency */,
			);
			name = GithubUsersTests;
			productName = GithubUsersTests;
			productReference = 658AF2B528D4B8C100C78D42 /* GithubUsersTests.xctest */;
			productType = "com.apple.product-type.bundle.unit-test";
		};
		658AF2BE28D4B8C100C78D42 /* GithubUsersUITests */ = {
			isa = PBXNativeTarget;
			buildConfigurationList = 658AF2CF28D4B8C100C78D42 /* Build configuration list for PBXNativeTarget "GithubUsersUITests" */;
			buildPhases = (
				035795CFFD41DB24ABA550AF /* [CP] Check Pods Manifest.lock */,
				658AF2BB28D4B8C100C78D42 /* Sources */,
				658AF2BC28D4B8C100C78D42 /* Frameworks */,
				658AF2BD28D4B8C100C78D42 /* Resources */,
				77C8683D66FC310EBE849896 /* [CP] Embed Pods Frameworks */,
			);
			buildRules = (
			);
			dependencies = (
				658AF2C128D4B8C100C78D42 /* PBXTargetDependency */,
			);
			name = GithubUsersUITests;
			productName = GithubUsersUITests;
			productReference = 658AF2BF28D4B8C100C78D42 /* GithubUsersUITests.xctest */;
			productType = "com.apple.product-type.bundle.ui-testing";
		};
/* End PBXNativeTarget section */

/* Begin PBXProject section */
		658AF29428D4B8BF00C78D42 /* Project object */ = {
			isa = PBXProject;
			attributes = {
				BuildIndependentTargetsInParallel = 1;
				LastSwiftUpdateCheck = 1330;
				LastUpgradeCheck = 1330;
				TargetAttributes = {
					658AF29B28D4B8BF00C78D42 = {
						CreatedOnToolsVersion = 13.3.1;
					};
					658AF2B428D4B8C100C78D42 = {
						CreatedOnToolsVersion = 13.3.1;
						TestTargetID = 658AF29B28D4B8BF00C78D42;
					};
					658AF2BE28D4B8C100C78D42 = {
						CreatedOnToolsVersion = 13.3.1;
						TestTargetID = 658AF29B28D4B8BF00C78D42;
					};
				};
			};
			buildConfigurationList = 658AF29728D4B8BF00C78D42 /* Build configuration list for PBXProject "GithubUsers" */;
			compatibilityVersion = "Xcode 13.0";
			developmentRegion = en;
			hasScannedForEncodings = 0;
			knownRegions = (
				en,
				Base,
			);
			mainGroup = 658AF29328D4B8BF00C78D42;
			productRefGroup = 658AF29D28D4B8BF00C78D42 /* Products */;
			projectDirPath = "";
			projectRoot = "";
			targets = (
				658AF29B28D4B8BF00C78D42 /* GithubUsers */,
				658AF2B428D4B8C100C78D42 /* GithubUsersTests */,
				658AF2BE28D4B8C100C78D42 /* GithubUsersUITests */,
			);
		};
/* End PBXProject section */

/* Begin PBXResourcesBuildPhase section */
		658AF29A28D4B8BF00C78D42 /* Resources */ = {
			isa = PBXResourcesBuildPhase;
			buildActionMask = 2147483647;
			files = (
				6522423628D61D2A002EB330 /* EmptyStateViewCell.xib in Resources */,
				658AF2F728D4CE5F00C78D42 /* FavoritesVC.xib in Resources */,
				658AF2DA28D4BCC700C78D42 /* SearchVC.xib in Resources */,
				6522423D28D6214E002EB330 /* EmptyView.xib in Resources */,
				658AF2AF28D4B8C100C78D42 /* LaunchScreen.storyboard in Resources */,
				658AF2AC28D4B8C100C78D42 /* Assets.xcassets in Resources */,
				658AF30728D4E26100C78D42 /* UserTableViewCell.xib in Resources */,
			);
			runOnlyForDeploymentPostprocessing = 0;
		};
		658AF2B328D4B8C100C78D42 /* Resources */ = {
			isa = PBXResourcesBuildPhase;
			buildActionMask = 2147483647;
			files = (
			);
			runOnlyForDeploymentPostprocessing = 0;
		};
		658AF2BD28D4B8C100C78D42 /* Resources */ = {
			isa = PBXResourcesBuildPhase;
			buildActionMask = 2147483647;
			files = (
			);
			runOnlyForDeploymentPostprocessing = 0;
		};
/* End PBXResourcesBuildPhase section */

/* Begin PBXShellScriptBuildPhase section */
		035795CFFD41DB24ABA550AF /* [CP] Check Pods Manifest.lock */ = {
			isa = PBXShellScriptBuildPhase;
			buildActionMask = 2147483647;
			files = (
			);
			inputFileListPaths = (
			);
			inputPaths = (
				"${PODS_PODFILE_DIR_PATH}/Podfile.lock",
				"${PODS_ROOT}/Manifest.lock",
			);
			name = "[CP] Check Pods Manifest.lock";
			outputFileListPaths = (
			);
			outputPaths = (
				"$(DERIVED_FILE_DIR)/Pods-GithubUsers-GithubUsersUITests-checkManifestLockResult.txt",
			);
			runOnlyForDeploymentPostprocessing = 0;
			shellPath = /bin/sh;
			shellScript = "diff \"${PODS_PODFILE_DIR_PATH}/Podfile.lock\" \"${PODS_ROOT}/Manifest.lock\" > /dev/null\nif [ $? != 0 ] ; then\n    # print error to STDERR\n    echo \"error: The sandbox is not in sync with the Podfile.lock. Run 'pod install' or update your CocoaPods installation.\" >&2\n    exit 1\nfi\n# This output is used by Xcode 'outputs' to avoid re-running this script phase.\necho \"SUCCESS\" > \"${SCRIPT_OUTPUT_FILE_0}\"\n";
			showEnvVarsInLog = 0;
		};
		77C8683D66FC310EBE849896 /* [CP] Embed Pods Frameworks */ = {
			isa = PBXShellScriptBuildPhase;
			buildActionMask = 2147483647;
			files = (
			);
			inputFileListPaths = (
				"${PODS_ROOT}/Target Support Files/Pods-GithubUsers-GithubUsersUITests/Pods-GithubUsers-GithubUsersUITests-frameworks-${CONFIGURATION}-input-files.xcfilelist",
			);
			name = "[CP] Embed Pods Frameworks";
			outputFileListPaths = (
				"${PODS_ROOT}/Target Support Files/Pods-GithubUsers-GithubUsersUITests/Pods-GithubUsers-GithubUsersUITests-frameworks-${CONFIGURATION}-output-files.xcfilelist",
			);
			runOnlyForDeploymentPostprocessing = 0;
			shellPath = /bin/sh;
			shellScript = "\"${PODS_ROOT}/Target Support Files/Pods-GithubUsers-GithubUsersUITests/Pods-GithubUsers-GithubUsersUITests-frameworks.sh\"\n";
			showEnvVarsInLog = 0;
		};
		B25C8978A0D2C8FEC29D7193 /* [CP] Embed Pods Frameworks */ = {
			isa = PBXShellScriptBuildPhase;
			buildActionMask = 2147483647;
			files = (
			);
			inputFileListPaths = (
				"${PODS_ROOT}/Target Support Files/Pods-GithubUsers/Pods-GithubUsers-frameworks-${CONFIGURATION}-input-files.xcfilelist",
			);
			name = "[CP] Embed Pods Frameworks";
			outputFileListPaths = (
				"${PODS_ROOT}/Target Support Files/Pods-GithubUsers/Pods-GithubUsers-frameworks-${CONFIGURATION}-output-files.xcfilelist",
			);
			runOnlyForDeploymentPostprocessing = 0;
			shellPath = /bin/sh;
			shellScript = "\"${PODS_ROOT}/Target Support Files/Pods-GithubUsers/Pods-GithubUsers-frameworks.sh\"\n";
			showEnvVarsInLog = 0;
		};
		D9B3691B010D2D9F85F8E458 /* [CP] Check Pods Manifest.lock */ = {
			isa = PBXShellScriptBuildPhase;
			buildActionMask = 2147483647;
			files = (
			);
			inputFileListPaths = (
			);
			inputPaths = (
				"${PODS_PODFILE_DIR_PATH}/Podfile.lock",
				"${PODS_ROOT}/Manifest.lock",
			);
			name = "[CP] Check Pods Manifest.lock";
			outputFileListPaths = (
			);
			outputPaths = (
				"$(DERIVED_FILE_DIR)/Pods-GithubUsersTests-checkManifestLockResult.txt",
			);
			runOnlyForDeploymentPostprocessing = 0;
			shellPath = /bin/sh;
			shellScript = "diff \"${PODS_PODFILE_DIR_PATH}/Podfile.lock\" \"${PODS_ROOT}/Manifest.lock\" > /dev/null\nif [ $? != 0 ] ; then\n    # print error to STDERR\n    echo \"error: The sandbox is not in sync with the Podfile.lock. Run 'pod install' or update your CocoaPods installation.\" >&2\n    exit 1\nfi\n# This output is used by Xcode 'outputs' to avoid re-running this script phase.\necho \"SUCCESS\" > \"${SCRIPT_OUTPUT_FILE_0}\"\n";
			showEnvVarsInLog = 0;
		};
		DB2888CED3E4F31E62B19B4B /* [CP] Check Pods Manifest.lock */ = {
			isa = PBXShellScriptBuildPhase;
			buildActionMask = 2147483647;
			files = (
			);
			inputFileListPaths = (
			);
			inputPaths = (
				"${PODS_PODFILE_DIR_PATH}/Podfile.lock",
				"${PODS_ROOT}/Manifest.lock",
			);
			name = "[CP] Check Pods Manifest.lock";
			outputFileListPaths = (
			);
			outputPaths = (
				"$(DERIVED_FILE_DIR)/Pods-GithubUsers-checkManifestLockResult.txt",
			);
			runOnlyForDeploymentPostprocessing = 0;
			shellPath = /bin/sh;
			shellScript = "diff \"${PODS_PODFILE_DIR_PATH}/Podfile.lock\" \"${PODS_ROOT}/Manifest.lock\" > /dev/null\nif [ $? != 0 ] ; then\n    # print error to STDERR\n    echo \"error: The sandbox is not in sync with the Podfile.lock. Run 'pod install' or update your CocoaPods installation.\" >&2\n    exit 1\nfi\n# This output is used by Xcode 'outputs' to avoid re-running this script phase.\necho \"SUCCESS\" > \"${SCRIPT_OUTPUT_FILE_0}\"\n";
			showEnvVarsInLog = 0;
		};
/* End PBXShellScriptBuildPhase section */

/* Begin PBXSourcesBuildPhase section */
		658AF29828D4B8BF00C78D42 /* Sources */ = {
			isa = PBXSourcesBuildPhase;
			buildActionMask = 2147483647;
			files = (
				6522423F28D62225002EB330 /* UIView+Extension.swift in Sources */,
				6522424628D62F1A002EB330 /* ServiceBase.swift in Sources */,
				65803B1228D6CFFF00817C10 /* Module.swift in Sources */,
				658AF2D928D4BCC700C78D42 /* SearchVC.swift in Sources */,
				658AF30228D4DECE00C78D42 /* Constants.swift in Sources */,
				6522424428D62EF9002EB330 /* Resolver.swift in Sources */,
				6518C8B628D6E917004898C1 /* FavoriteUser+CoreDataClass.swift in Sources */,
				6522423928D61F46002EB330 /* UITableView+Extension.swift in Sources */,
				658AF2FE28D4D73500C78D42 /* RestApiServices.swift in Sources */,
				658AF2FA28D4D4F800C78D42 /* GitUserModel.swift in Sources */,
				658AF2EF28D4CDD000C78D42 /* BaseContract.swift in Sources */,
				6518C8B528D6E917004898C1 /* FavoriteUser+CoreDataProperties.swift in Sources */,
				6522423528D61D2A002EB330 /* EmptyStateViewCell.swift in Sources */,
				658AF2E928D4C97600C78D42 /* SearchPresenter.swift in Sources */,
				658AF2AA28D4B8BF00C78D42 /* GithubUsers.xcdatamodeld in Sources */,
				65803B1028D6CFD900817C10 /* Router.swift in Sources */,
				658AF2EB28D4C97600C78D42 /* SearchWireframe.swift in Sources */,
				658AF2EA28D4C97600C78D42 /* SearchInteractor.swift in Sources */,
				658AF30628D4E26100C78D42 /* UserTableViewCell.swift in Sources */,
				658AF2FC28D4D55000C78D42 /* UserModel.swift in Sources */,
				6518C8B828D6F155004898C1 /* SearchUserRequest.swift in Sources */,
				658AF2E828D4C97600C78D42 /* SearchContract.swift in Sources */,
				658AF2F628D4CE5F00C78D42 /* FavoritesVC.swift in Sources */,
				658AF2A028D4B8BF00C78D42 /* AppDelegate.swift in Sources */,
				658AF2D428D4BC5300C78D42 /* TabBarViewController.swift in Sources */,
				658AF2A228D4B8BF00C78D42 /* SceneDelegate.swift in Sources */,
				658AF30028D4DDD300C78D42 /* GithubErrorModel.swift in Sources */,
				6522423C28D6214E002EB330 /* EmptyView.swift in Sources */,
				658AF30928D4E65800C78D42 /* AppImage.swift in Sources */,
				6522424128D62273002EB330 /* EmptyResultView.swift in Sources */,
			);
			runOnlyForDeploymentPostprocessing = 0;
		};
		658AF2B128D4B8C100C78D42 /* Sources */ = {
			isa = PBXSourcesBuildPhase;
			buildActionMask = 2147483647;
			files = (
				658AF2BA28D4B8C100C78D42 /* GithubUsersTests.swift in Sources */,
			);
			runOnlyForDeploymentPostprocessing = 0;
		};
		658AF2BB28D4B8C100C78D42 /* Sources */ = {
			isa = PBXSourcesBuildPhase;
			buildActionMask = 2147483647;
			files = (
				658AF2C628D4B8C100C78D42 /* GithubUsersUITestsLaunchTests.swift in Sources */,
				658AF2C428D4B8C100C78D42 /* GithubUsersUITests.swift in Sources */,
			);
			runOnlyForDeploymentPostprocessing = 0;
		};
/* End PBXSourcesBuildPhase section */

/* Begin PBXTargetDependency section */
		658AF2B728D4B8C100C78D42 /* PBXTargetDependency */ = {
			isa = PBXTargetDependency;
			target = 658AF29B28D4B8BF00C78D42 /* GithubUsers */;
			targetProxy = 658AF2B628D4B8C100C78D42 /* PBXContainerItemProxy */;
		};
		658AF2C128D4B8C100C78D42 /* PBXTargetDependency */ = {
			isa = PBXTargetDependency;
			target = 658AF29B28D4B8BF00C78D42 /* GithubUsers */;
			targetProxy = 658AF2C028D4B8C100C78D42 /* PBXContainerItemProxy */;
		};
/* End PBXTargetDependency section */

/* Begin PBXVariantGroup section */
		658AF2AD28D4B8C100C78D42 /* LaunchScreen.storyboard */ = {
			isa = PBXVariantGroup;
			children = (
				658AF2AE28D4B8C100C78D42 /* Base */,
			);
			name = LaunchScreen.storyboard;
			sourceTree = "<group>";
		};
/* End PBXVariantGroup section */

/* Begin XCBuildConfiguration section */
		658AF2C728D4B8C100C78D42 /* Debug */ = {
			isa = XCBuildConfiguration;
			buildSettings = {
				ALWAYS_SEARCH_USER_PATHS = NO;
				CLANG_ANALYZER_NONNULL = YES;
				CLANG_ANALYZER_NUMBER_OBJECT_CONVERSION = YES_AGGRESSIVE;
				CLANG_CXX_LANGUAGE_STANDARD = "gnu++17";
				CLANG_ENABLE_MODULES = YES;
				CLANG_ENABLE_OBJC_ARC = YES;
				CLANG_ENABLE_OBJC_WEAK = YES;
				CLANG_WARN_BLOCK_CAPTURE_AUTORELEASING = YES;
				CLANG_WARN_BOOL_CONVERSION = YES;
				CLANG_WARN_COMMA = YES;
				CLANG_WARN_CONSTANT_CONVERSION = YES;
				CLANG_WARN_DEPRECATED_OBJC_IMPLEMENTATIONS = YES;
				CLANG_WARN_DIRECT_OBJC_ISA_USAGE = YES_ERROR;
				CLANG_WARN_DOCUMENTATION_COMMENTS = YES;
				CLANG_WARN_EMPTY_BODY = YES;
				CLANG_WARN_ENUM_CONVERSION = YES;
				CLANG_WARN_INFINITE_RECURSION = YES;
				CLANG_WARN_INT_CONVERSION = YES;
				CLANG_WARN_NON_LITERAL_NULL_CONVERSION = YES;
				CLANG_WARN_OBJC_IMPLICIT_RETAIN_SELF = YES;
				CLANG_WARN_OBJC_LITERAL_CONVERSION = YES;
				CLANG_WARN_OBJC_ROOT_CLASS = YES_ERROR;
				CLANG_WARN_QUOTED_INCLUDE_IN_FRAMEWORK_HEADER = YES;
				CLANG_WARN_RANGE_LOOP_ANALYSIS = YES;
				CLANG_WARN_STRICT_PROTOTYPES = YES;
				CLANG_WARN_SUSPICIOUS_MOVE = YES;
				CLANG_WARN_UNGUARDED_AVAILABILITY = YES_AGGRESSIVE;
				CLANG_WARN_UNREACHABLE_CODE = YES;
				CLANG_WARN__DUPLICATE_METHOD_MATCH = YES;
				COPY_PHASE_STRIP = NO;
				DEBUG_INFORMATION_FORMAT = dwarf;
				ENABLE_STRICT_OBJC_MSGSEND = YES;
				ENABLE_TESTABILITY = YES;
				GCC_C_LANGUAGE_STANDARD = gnu11;
				GCC_DYNAMIC_NO_PIC = NO;
				GCC_NO_COMMON_BLOCKS = YES;
				GCC_OPTIMIZATION_LEVEL = 0;
				GCC_PREPROCESSOR_DEFINITIONS = (
					"DEBUG=1",
					"$(inherited)",
				);
				GCC_WARN_64_TO_32_BIT_CONVERSION = YES;
				GCC_WARN_ABOUT_RETURN_TYPE = YES_ERROR;
				GCC_WARN_UNDECLARED_SELECTOR = YES;
				GCC_WARN_UNINITIALIZED_AUTOS = YES_AGGRESSIVE;
				GCC_WARN_UNUSED_FUNCTION = YES;
				GCC_WARN_UNUSED_VARIABLE = YES;
				IPHONEOS_DEPLOYMENT_TARGET = 15.4;
				MTL_ENABLE_DEBUG_INFO = INCLUDE_SOURCE;
				MTL_FAST_MATH = YES;
				ONLY_ACTIVE_ARCH = YES;
				SDKROOT = iphoneos;
				SWIFT_ACTIVE_COMPILATION_CONDITIONS = DEBUG;
				SWIFT_OPTIMIZATION_LEVEL = "-Onone";
			};
			name = Debug;
		};
		658AF2C828D4B8C100C78D42 /* Release */ = {
			isa = XCBuildConfiguration;
			buildSettings = {
				ALWAYS_SEARCH_USER_PATHS = NO;
				CLANG_ANALYZER_NONNULL = YES;
				CLANG_ANALYZER_NUMBER_OBJECT_CONVERSION = YES_AGGRESSIVE;
				CLANG_CXX_LANGUAGE_STANDARD = "gnu++17";
				CLANG_ENABLE_MODULES = YES;
				CLANG_ENABLE_OBJC_ARC = YES;
				CLANG_ENABLE_OBJC_WEAK = YES;
				CLANG_WARN_BLOCK_CAPTURE_AUTORELEASING = YES;
				CLANG_WARN_BOOL_CONVERSION = YES;
				CLANG_WARN_COMMA = YES;
				CLANG_WARN_CONSTANT_CONVERSION = YES;
				CLANG_WARN_DEPRECATED_OBJC_IMPLEMENTATIONS = YES;
				CLANG_WARN_DIRECT_OBJC_ISA_USAGE = YES_ERROR;
				CLANG_WARN_DOCUMENTATION_COMMENTS = YES;
				CLANG_WARN_EMPTY_BODY = YES;
				CLANG_WARN_ENUM_CONVERSION = YES;
				CLANG_WARN_INFINITE_RECURSION = YES;
				CLANG_WARN_INT_CONVERSION = YES;
				CLANG_WARN_NON_LITERAL_NULL_CONVERSION = YES;
				CLANG_WARN_OBJC_IMPLICIT_RETAIN_SELF = YES;
				CLANG_WARN_OBJC_LITERAL_CONVERSION = YES;
				CLANG_WARN_OBJC_ROOT_CLASS = YES_ERROR;
				CLANG_WARN_QUOTED_INCLUDE_IN_FRAMEWORK_HEADER = YES;
				CLANG_WARN_RANGE_LOOP_ANALYSIS = YES;
				CLANG_WARN_STRICT_PROTOTYPES = YES;
				CLANG_WARN_SUSPICIOUS_MOVE = YES;
				CLANG_WARN_UNGUARDED_AVAILABILITY = YES_AGGRESSIVE;
				CLANG_WARN_UNREACHABLE_CODE = YES;
				CLANG_WARN__DUPLICATE_METHOD_MATCH = YES;
				COPY_PHASE_STRIP = NO;
				DEBUG_INFORMATION_FORMAT = "dwarf-with-dsym";
				ENABLE_NS_ASSERTIONS = NO;
				ENABLE_STRICT_OBJC_MSGSEND = YES;
				GCC_C_LANGUAGE_STANDARD = gnu11;
				GCC_NO_COMMON_BLOCKS = YES;
				GCC_WARN_64_TO_32_BIT_CONVERSION = YES;
				GCC_WARN_ABOUT_RETURN_TYPE = YES_ERROR;
				GCC_WARN_UNDECLARED_SELECTOR = YES;
				GCC_WARN_UNINITIALIZED_AUTOS = YES_AGGRESSIVE;
				GCC_WARN_UNUSED_FUNCTION = YES;
				GCC_WARN_UNUSED_VARIABLE = YES;
				IPHONEOS_DEPLOYMENT_TARGET = 15.4;
				MTL_ENABLE_DEBUG_INFO = NO;
				MTL_FAST_MATH = YES;
				SDKROOT = iphoneos;
				SWIFT_COMPILATION_MODE = wholemodule;
				SWIFT_OPTIMIZATION_LEVEL = "-O";
				VALIDATE_PRODUCT = YES;
			};
			name = Release;
		};
		658AF2CA28D4B8C100C78D42 /* Debug */ = {
			isa = XCBuildConfiguration;
			baseConfigurationReference = 893619375E015B0897796DA0 /* Pods-GithubUsers.debug.xcconfig */;
			buildSettings = {
				ASSETCATALOG_COMPILER_APPICON_NAME = AppIcon;
				ASSETCATALOG_COMPILER_GLOBAL_ACCENT_COLOR_NAME = AccentColor;
				CODE_SIGN_STYLE = Automatic;
				CURRENT_PROJECT_VERSION = 1;
				DEVELOPMENT_TEAM = 25UB7ZH586;
				GENERATE_INFOPLIST_FILE = YES;
				INFOPLIST_FILE = GithubUsers/Info.plist;
				INFOPLIST_KEY_UIApplicationSupportsIndirectInputEvents = YES;
				INFOPLIST_KEY_UILaunchStoryboardName = LaunchScreen;
				INFOPLIST_KEY_UISupportedInterfaceOrientations_iPad = "UIInterfaceOrientationPortrait UIInterfaceOrientationPortraitUpsideDown UIInterfaceOrientationLandscapeLeft UIInterfaceOrientationLandscapeRight";
				INFOPLIST_KEY_UISupportedInterfaceOrientations_iPhone = "UIInterfaceOrientationPortrait UIInterfaceOrientationLandscapeLeft UIInterfaceOrientationLandscapeRight";
				LD_RUNPATH_SEARCH_PATHS = (
					"$(inherited)",
					"@executable_path/Frameworks",
				);
				MARKETING_VERSION = 1.0;
				PRODUCT_BUNDLE_IDENTIFIER = com.anugrahdev.GithubUsers;
				PRODUCT_NAME = "$(TARGET_NAME)";
				SWIFT_EMIT_LOC_STRINGS = YES;
				SWIFT_VERSION = 5.0;
				TARGETED_DEVICE_FAMILY = "1,2";
			};
			name = Debug;
		};
		658AF2CB28D4B8C100C78D42 /* Release */ = {
			isa = XCBuildConfiguration;
			baseConfigurationReference = 7E6397343B7747081CA06AC0 /* Pods-GithubUsers.release.xcconfig */;
			buildSettings = {
				ASSETCATALOG_COMPILER_APPICON_NAME = AppIcon;
				ASSETCATALOG_COMPILER_GLOBAL_ACCENT_COLOR_NAME = AccentColor;
				CODE_SIGN_STYLE = Automatic;
				CURRENT_PROJECT_VERSION = 1;
				DEVELOPMENT_TEAM = 25UB7ZH586;
				GENERATE_INFOPLIST_FILE = YES;
				INFOPLIST_FILE = GithubUsers/Info.plist;
				INFOPLIST_KEY_UIApplicationSupportsIndirectInputEvents = YES;
				INFOPLIST_KEY_UILaunchStoryboardName = LaunchScreen;
				INFOPLIST_KEY_UISupportedInterfaceOrientations_iPad = "UIInterfaceOrientationPortrait UIInterfaceOrientationPortraitUpsideDown UIInterfaceOrientationLandscapeLeft UIInterfaceOrientationLandscapeRight";
				INFOPLIST_KEY_UISupportedInterfaceOrientations_iPhone = "UIInterfaceOrientationPortrait UIInterfaceOrientationLandscapeLeft UIInterfaceOrientationLandscapeRight";
				LD_RUNPATH_SEARCH_PATHS = (
					"$(inherited)",
					"@executable_path/Frameworks",
				);
				MARKETING_VERSION = 1.0;
				PRODUCT_BUNDLE_IDENTIFIER = com.anugrahdev.GithubUsers;
				PRODUCT_NAME = "$(TARGET_NAME)";
				SWIFT_EMIT_LOC_STRINGS = YES;
				SWIFT_VERSION = 5.0;
				TARGETED_DEVICE_FAMILY = "1,2";
			};
			name = Release;
		};
		658AF2CD28D4B8C100C78D42 /* Debug */ = {
			isa = XCBuildConfiguration;
			baseConfigurationReference = 0F45CB22E374EC2098F18BCA /* Pods-GithubUsersTests.debug.xcconfig */;
			buildSettings = {
				ALWAYS_EMBED_SWIFT_STANDARD_LIBRARIES = YES;
				BUNDLE_LOADER = "$(TEST_HOST)";
				CODE_SIGN_STYLE = Automatic;
				CURRENT_PROJECT_VERSION = 1;
				DEVELOPMENT_TEAM = 25UB7ZH586;
				GENERATE_INFOPLIST_FILE = YES;
				IPHONEOS_DEPLOYMENT_TARGET = 15.4;
				MARKETING_VERSION = 1.0;
				PRODUCT_BUNDLE_IDENTIFIER = com.anugrahdev.GithubUsersTests;
				PRODUCT_NAME = "$(TARGET_NAME)";
				SWIFT_EMIT_LOC_STRINGS = NO;
				SWIFT_VERSION = 5.0;
				TARGETED_DEVICE_FAMILY = "1,2";
				TEST_HOST = "$(BUILT_PRODUCTS_DIR)/GithubUsers.app/GithubUsers";
			};
			name = Debug;
		};
		658AF2CE28D4B8C100C78D42 /* Release */ = {
			isa = XCBuildConfiguration;
			baseConfigurationReference = 4A990804EC50783CF86B6580 /* Pods-GithubUsersTests.release.xcconfig */;
			buildSettings = {
				ALWAYS_EMBED_SWIFT_STANDARD_LIBRARIES = YES;
				BUNDLE_LOADER = "$(TEST_HOST)";
				CODE_SIGN_STYLE = Automatic;
				CURRENT_PROJECT_VERSION = 1;
				DEVELOPMENT_TEAM = 25UB7ZH586;
				GENERATE_INFOPLIST_FILE = YES;
				IPHONEOS_DEPLOYMENT_TARGET = 15.4;
				MARKETING_VERSION = 1.0;
				PRODUCT_BUNDLE_IDENTIFIER = com.anugrahdev.GithubUsersTests;
				PRODUCT_NAME = "$(TARGET_NAME)";
				SWIFT_EMIT_LOC_STRINGS = NO;
				SWIFT_VERSION = 5.0;
				TARGETED_DEVICE_FAMILY = "1,2";
				TEST_HOST = "$(BUILT_PRODUCTS_DIR)/GithubUsers.app/GithubUsers";
			};
			name = Release;
		};
		658AF2D028D4B8C100C78D42 /* Debug */ = {
			isa = XCBuildConfiguration;
			baseConfigurationReference = CBA53501E49B4901625C53E1 /* Pods-GithubUsers-GithubUsersUITests.debug.xcconfig */;
			buildSettings = {
				ALWAYS_EMBED_SWIFT_STANDARD_LIBRARIES = YES;
				CODE_SIGN_STYLE = Automatic;
				CURRENT_PROJECT_VERSION = 1;
				DEVELOPMENT_TEAM = 25UB7ZH586;
				GENERATE_INFOPLIST_FILE = YES;
				MARKETING_VERSION = 1.0;
				PRODUCT_BUNDLE_IDENTIFIER = com.anugrahdev.GithubUsersUITests;
				PRODUCT_NAME = "$(TARGET_NAME)";
				SWIFT_EMIT_LOC_STRINGS = NO;
				SWIFT_VERSION = 5.0;
				TARGETED_DEVICE_FAMILY = "1,2";
				TEST_TARGET_NAME = GithubUsers;
			};
			name = Debug;
		};
		658AF2D128D4B8C100C78D42 /* Release */ = {
			isa = XCBuildConfiguration;
			baseConfigurationReference = D8E5F97A355BBBA9062A102B /* Pods-GithubUsers-GithubUsersUITests.release.xcconfig */;
			buildSettings = {
				ALWAYS_EMBED_SWIFT_STANDARD_LIBRARIES = YES;
				CODE_SIGN_STYLE = Automatic;
				CURRENT_PROJECT_VERSION = 1;
				DEVELOPMENT_TEAM = 25UB7ZH586;
				GENERATE_INFOPLIST_FILE = YES;
				MARKETING_VERSION = 1.0;
				PRODUCT_BUNDLE_IDENTIFIER = com.anugrahdev.GithubUsersUITests;
				PRODUCT_NAME = "$(TARGET_NAME)";
				SWIFT_EMIT_LOC_STRINGS = NO;
				SWIFT_VERSION = 5.0;
				TARGETED_DEVICE_FAMILY = "1,2";
				TEST_TARGET_NAME = GithubUsers;
			};
			name = Release;
		};
/* End XCBuildConfiguration section */

/* Begin XCConfigurationList section */
		658AF29728D4B8BF00C78D42 /* Build configuration list for PBXProject "GithubUsers" */ = {
			isa = XCConfigurationList;
			buildConfigurations = (
				658AF2C728D4B8C100C78D42 /* Debug */,
				658AF2C828D4B8C100C78D42 /* Release */,
			);
			defaultConfigurationIsVisible = 0;
			defaultConfigurationName = Release;
		};
		658AF2C928D4B8C100C78D42 /* Build configuration list for PBXNativeTarget "GithubUsers" */ = {
			isa = XCConfigurationList;
			buildConfigurations = (
				658AF2CA28D4B8C100C78D42 /* Debug */,
				658AF2CB28D4B8C100C78D42 /* Release */,
			);
			defaultConfigurationIsVisible = 0;
			defaultConfigurationName = Release;
		};
		658AF2CC28D4B8C100C78D42 /* Build configuration list for PBXNativeTarget "GithubUsersTests" */ = {
			isa = XCConfigurationList;
			buildConfigurations = (
				658AF2CD28D4B8C100C78D42 /* Debug */,
				658AF2CE28D4B8C100C78D42 /* Release */,
			);
			defaultConfigurationIsVisible = 0;
			defaultConfigurationName = Release;
		};
		658AF2CF28D4B8C100C78D42 /* Build configuration list for PBXNativeTarget "GithubUsersUITests" */ = {
			isa = XCConfigurationList;
			buildConfigurations = (
				658AF2D028D4B8C100C78D42 /* Debug */,
				658AF2D128D4B8C100C78D42 /* Release */,
			);
			defaultConfigurationIsVisible = 0;
			defaultConfigurationName = Release;
		};
/* End XCConfigurationList section */

/* Begin XCVersionGroup section */
		658AF2A828D4B8BF00C78D42 /* GithubUsers.xcdatamodeld */ = {
			isa = XCVersionGroup;
			children = (
				658AF2A928D4B8BF00C78D42 /* GithubUsers.xcdatamodel */,
			);
			currentVersion = 658AF2A928D4B8BF00C78D42 /* GithubUsers.xcdatamodel */;
			path = GithubUsers.xcdatamodeld;
			sourceTree = "<group>";
			versionGroupType = wrapper.xcdatamodel;
		};
/* End XCVersionGroup section */
	};
	rootObject = 658AF29428D4B8BF00C78D42 /* Project object */;
}
